
Microsoft Visual Studio Solution File, Format Version 12.00
# Visual Studio 2012
Project("{FAE04EC0-301F-11D3-BF4B-00C04F79EFBC}") = "RobtaPayment.Web", "RobtaPayment.Web\RobtaPayment.Web.csproj", "{127835FA-10DA-4B70-AE74-168CCC3DEFF2}"
EndProject
Project("{FAE04EC0-301F-11D3-BF4B-00C04F79EFBC}") = "RobtaPayment.Model", "RobtaPayment.Model\RobtaPayment.Model.csproj", "{974C76C3-5230-4323-BA05-B0238FF03950}"
EndProject
Project("{FAE04EC0-301F-11D3-BF4B-00C04F79EFBC}") = "RobtaPayment.Tests", "RobtaPayment.Tests\RobtaPayment.Tests.csproj", "{43DC89DF-7133-4FB7-A3EE-D2CE279226EF}"
EndProject
Global
	GlobalSection(SolutionConfigurationPlatforms) = preSolution
		Debug|Any CPU = Debug|Any CPU
		Debug|Mixed Platforms = Debug|Mixed Platforms
		Debug|x86 = Debug|x86
		Release|Any CPU = Release|Any CPU
		Release|Mixed Platforms = Release|Mixed Platforms
		Release|x86 = Release|x86
	EndGlobalSection
	GlobalSection(ProjectConfigurationPlatforms) = postSolution
		{127835FA-10DA-4B70-AE74-168CCC3DEFF2}.Debug|Any CPU.ActiveCfg = Debug|Any CPU
		{127835FA-10DA-4B70-AE74-168CCC3DEFF2}.Debug|Any CPU.Build.0 = Debug|Any CPU
		{127835FA-10DA-4B70-AE74-168CCC3DEFF2}.Debug|Mixed Platforms.ActiveCfg = Debug|Any CPU
		{127835FA-10DA-4B70-AE74-168CCC3DEFF2}.Debug|Mixed Platforms.Build.0 = Debug|Any CPU
		{127835FA-10DA-4B70-AE74-168CCC3DEFF2}.Debug|x86.ActiveCfg = Debug|Any CPU
		{127835FA-10DA-4B70-AE74-168CCC3DEFF2}.Release|Any CPU.ActiveCfg = Release|Any CPU
		{127835FA-10DA-4B70-AE74-168CCC3DEFF2}.Release|Any CPU.Build.0 = Release|Any CPU
		{127835FA-10DA-4B70-AE74-168CCC3DEFF2}.Release|Mixed Platforms.ActiveCfg = Release|Any CPU
		{127835FA-10DA-4B70-AE74-168CCC3DEFF2}.Release|Mixed Platforms.Build.0 = Release|Any CPU
		{127835FA-10DA-4B70-AE74-168CCC3DEFF2}.Release|x86.ActiveCfg = Release|Any CPU
		{974C76C3-5230-4323-BA05-B0238FF03950}.Debug|Any CPU.ActiveCfg = Debug|Any CPU
		{974C76C3-5230-4323-BA05-B0238FF03950}.Debug|Any CPU.Build.0 = Debug|Any CPU
		{974C76C3-5230-4323-BA05-B0238FF03950}.Debug|Mixed Platforms.ActiveCfg = Debug|Any CPU
		{974C76C3-5230-4323-BA05-B0238FF03950}.Debug|Mixed Platforms.Build.0 = Debug|Any CPU
		{974C76C3-5230-4323-BA05-B0238FF03950}.Debug|x86.ActiveCfg = Debug|Any CPU
		{974C76C3-5230-4323-BA05-B0238FF03950}.Release|Any CPU.ActiveCfg = Release|Any CPU
		{974C76C3-5230-4323-BA05-B0238FF03950}.Release|Any CPU.Build.0 = Release|Any CPU
		{974C76C3-5230-4323-BA05-B0238FF03950}.Release|Mixed Platforms.ActiveCfg = Release|Any CPU
		{974C76C3-5230-4323-BA05-B0238FF03950}.Release|Mixed Platforms.Build.0 = Release|Any CPU
		{974C76C3-5230-4323-BA05-B0238FF03950}.Release|x86.ActiveCfg = Release|Any CPU
		{43DC89DF-7133-4FB7-A3EE-D2CE279226EF}.Debug|Any CPU.ActiveCfg = Debug|Any CPU
		{43DC89DF-7133-4FB7-A3EE-D2CE279226EF}.Debug|Any CPU.Build.0 = Debug|Any CPU
		{43DC89DF-7133-4FB7-A3EE-D2CE279226EF}.Debug|Mixed Platforms.ActiveCfg = Debug|Any CPU
		{43DC89DF-7133-4FB7-A3EE-D2CE279226EF}.Debug|Mixed Platforms.Build.0 = Debug|Any CPU
		{43DC89DF-7133-4FB7-A3EE-D2CE279226EF}.Debug|x86.ActiveCfg = Debug|Any CPU
		{43DC89DF-7133-4FB7-A3EE-D2CE279226EF}.Release|Any CPU.ActiveCfg = Release|Any CPU
		{43DC89DF-7133-4FB7-A3EE-D2CE279226EF}.Release|Any CPU.Build.0 = Release|Any CPU
		{43DC89DF-7133-4FB7-A3EE-D2CE279226EF}.Release|Mixed Platforms.ActiveCfg = Release|Any CPU
		{43DC89DF-7133-4FB7-A3EE-D2CE279226EF}.Release|Mixed Platforms.Build.0 = Release|Any CPU
		{43DC89DF-7133-4FB7-A3EE-D2CE279226EF}.Release|x86.ActiveCfg = Release|Any CPU
	EndGlobalSection
	GlobalSection(SolutionProperties) = preSolution
		HideSolutionNode = FALSE
	EndGlobalSection
EndGlobal
